// !$*UTF8*$!
{
	archiveVersion = 1;
	classes = {
	};
	objectVersion = 51;
	objects = {

/* Begin PBXBuildFile section */
		0B30B9628CD8ED3FA240AA80 /* Pods_sampleTests.framework in Frameworks */ = {isa = PBXBuildFile; fileRef = 6121C7042EC83D9FAD09DEF3 /* Pods_sampleTests.framework */; };
		300C994A27200C380078D1CD /* HomeVC.swift in Sources */ = {isa = PBXBuildFile; fileRef = 300C994927200C380078D1CD /* HomeVC.swift */; };
		302EEA6E271FE83A0056D62E /* AppDelegate.swift in Sources */ = {isa = PBXBuildFile; fileRef = 302EEA6D271FE83A0056D62E /* AppDelegate.swift */; };
		302EEA70271FE83A0056D62E /* SceneDelegate.swift in Sources */ = {isa = PBXBuildFile; fileRef = 302EEA6F271FE83A0056D62E /* SceneDelegate.swift */; };
		302EEA72271FE83A0056D62E /* ViewController.swift in Sources */ = {isa = PBXBuildFile; fileRef = 302EEA71271FE83A0056D62E /* ViewController.swift */; };
		302EEA75271FE83A0056D62E /* Main.storyboard in Resources */ = {isa = PBXBuildFile; fileRef = 302EEA73271FE83A0056D62E /* Main.storyboard */; };
		302EEA77271FE8490056D62E /* Assets.xcassets in Resources */ = {isa = PBXBuildFile; fileRef = 302EEA76271FE8490056D62E /* Assets.xcassets */; };
		302EEA7A271FE8490056D62E /* LaunchScreen.storyboard in Resources */ = {isa = PBXBuildFile; fileRef = 302EEA78271FE8490056D62E /* LaunchScreen.storyboard */; };
		302EEA85271FE8490056D62E /* sampleTests.swift in Sources */ = {isa = PBXBuildFile; fileRef = 302EEA84271FE8490056D62E /* sampleTests.swift */; };
		302EEA90271FE8490056D62E /* sampleUITests.swift in Sources */ = {isa = PBXBuildFile; fileRef = 302EEA8F271FE8490056D62E /* sampleUITests.swift */; };
		302EEAA4272001C80056D62E /* GoogleService-Info.plist in Resources */ = {isa = PBXBuildFile; fileRef = 302EEAA3272001C80056D62E /* GoogleService-Info.plist */; };
		E4305E2792A857CE29261685 /* Pods_sample_sampleUITests.framework in Frameworks */ = {isa = PBXBuildFile; fileRef = 8C3BC54D5474EC1EB7CEE945 /* Pods_sample_sampleUITests.framework */; };
		FFA07F82C8AC9AC2734923E2 /* Pods_sample.framework in Frameworks */ = {isa = PBXBuildFile; fileRef = 023D3B3EAF03738CE47D3539 /* Pods_sample.framework */; };
/* End PBXBuildFile section */

/* Begin PBXContainerItemProxy section */
		302EEA81271FE8490056D62E /* PBXContainerItemProxy */ = {
			isa = PBXContainerItemProxy;
			containerPortal = 302EEA62271FE8390056D62E /* Project object */;
			proxyType = 1;
			remoteGlobalIDString = 302EEA69271FE83A0056D62E;
			remoteInfo = sample;
		};
		302EEA8C271FE8490056D62E /* PBXContainerItemProxy */ = {
			isa = PBXContainerItemProxy;
			containerPortal = 302EEA62271FE8390056D62E /* Project object */;
			proxyType = 1;
			remoteGlobalIDString = 302EEA69271FE83A0056D62E;
			remoteInfo = sample;
		};
/* End PBXContainerItemProxy section */

/* Begin PBXFileReference section */
		023D3B3EAF03738CE47D3539 /* Pods_sample.framework */ = {isa = PBXFileReference; explicitFileType = wrapper.framework; includeInIndex = 0; path = Pods_sample.framework; sourceTree = BUILT_PRODUCTS_DIR; };
		0301473844141841DFC25AA9 /* Pods-sample-sampleUITests.debug.xcconfig */ = {isa = PBXFileReference; includeInIndex = 1; lastKnownFileType = text.xcconfig; name = "Pods-sample-sampleUITests.debug.xcconfig"; path = "Target Support Files/Pods-sample-sampleUITests/Pods-sample-sampleUITests.debug.xcconfig"; sourceTree = "<group>"; };
		300C994927200C380078D1CD /* HomeVC.swift */ = {isa = PBXFileReference; lastKnownFileType = sourcecode.swift; path = HomeVC.swift; sourceTree = "<group>"; };
		302EEA6A271FE83A0056D62E /* sample.app */ = {isa = PBXFileReference; explicitFileType = wrapper.application; includeInIndex = 0; path = sample.app; sourceTree = BUILT_PRODUCTS_DIR; };
		302EEA6D271FE83A0056D62E /* AppDelegate.swift */ = {isa = PBXFileReference; lastKnownFileType = sourcecode.swift; path = AppDelegate.swift; sourceTree = "<group>"; };
		302EEA6F271FE83A0056D62E /* SceneDelegate.swift */ = {isa = PBXFileReference; lastKnownFileType = sourcecode.swift; path = SceneDelegate.swift; sourceTree = "<group>"; };
		302EEA71271FE83A0056D62E /* ViewController.swift */ = {isa = PBXFileReference; lastKnownFileType = sourcecode.swift; path = ViewController.swift; sourceTree = "<group>"; };
		302EEA74271FE83A0056D62E /* Base */ = {isa = PBXFileReference; lastKnownFileType = file.storyboard; name = Base; path = Base.lproj/Main.storyboard; sourceTree = "<group>"; };
		302EEA76271FE8490056D62E /* Assets.xcassets */ = {isa = PBXFileReference; lastKnownFileType = folder.assetcatalog; path = Assets.xcassets; sourceTree = "<group>"; };
		302EEA79271FE8490056D62E /* Base */ = {isa = PBXFileReference; lastKnownFileType = file.storyboard; name = Base; path = Base.lproj/LaunchScreen.storyboard; sourceTree = "<group>"; };
		302EEA7B271FE8490056D62E /* Info.plist */ = {isa = PBXFileReference; lastKnownFileType = text.plist.xml; path = Info.plist; sourceTree = "<group>"; };
		302EEA80271FE8490056D62E /* sampleTests.xctest */ = {isa = PBXFileReference; explicitFileType = wrapper.cfbundle; includeInIndex = 0; path = sampleTests.xctest; sourceTree = BUILT_PRODUCTS_DIR; };
		302EEA84271FE8490056D62E /* sampleTests.swift */ = {isa = PBXFileReference; lastKnownFileType = sourcecode.swift; path = sampleTests.swift; sourceTree = "<group>"; };
		302EEA86271FE8490056D62E /* Info.plist */ = {isa = PBXFileReference; lastKnownFileType = text.plist.xml; path = Info.plist; sourceTree = "<group>"; };
		302EEA8B271FE8490056D62E /* sampleUITests.xctest */ = {isa = PBXFileReference; explicitFileType = wrapper.cfbundle; includeInIndex = 0; path = sampleUITests.xctest; sourceTree = BUILT_PRODUCTS_DIR; };
		302EEA8F271FE8490056D62E /* sampleUITests.swift */ = {isa = PBXFileReference; lastKnownFileType = sourcecode.swift; path = sampleUITests.swift; sourceTree = "<group>"; };
		302EEA91271FE8490056D62E /* Info.plist */ = {isa = PBXFileReference; lastKnownFileType = text.plist.xml; path = Info.plist; sourceTree = "<group>"; };
		302EEAA3272001C80056D62E /* GoogleService-Info.plist */ = {isa = PBXFileReference; fileEncoding = 4; lastKnownFileType = text.plist.xml; path = "GoogleService-Info.plist"; sourceTree = "<group>"; };
		6121C7042EC83D9FAD09DEF3 /* Pods_sampleTests.framework */ = {isa = PBXFileReference; explicitFileType = wrapper.framework; includeInIndex = 0; path = Pods_sampleTests.framework; sourceTree = BUILT_PRODUCTS_DIR; };
		65BD44AE5B6903E7EB55B296 /* Pods-sampleTests.debug.xcconfig */ = {isa = PBXFileReference; includeInIndex = 1; lastKnownFileType = text.xcconfig; name = "Pods-sampleTests.debug.xcconfig"; path = "Target Support Files/Pods-sampleTests/Pods-sampleTests.debug.xcconfig"; sourceTree = "<group>"; };
		7D113C5C83C2786028565A70 /* Pods-sample.debug.xcconfig */ = {isa = PBXFileReference; includeInIndex = 1; lastKnownFileType = text.xcconfig; name = "Pods-sample.debug.xcconfig"; path = "Target Support Files/Pods-sample/Pods-sample.debug.xcconfig"; sourceTree = "<group>"; };
		8C3BC54D5474EC1EB7CEE945 /* Pods_sample_sampleUITests.framework */ = {isa = PBXFileReference; explicitFileType = wrapper.framework; includeInIndex = 0; path = Pods_sample_sampleUITests.framework; sourceTree = BUILT_PRODUCTS_DIR; };
		AA1AFF36743AC0433ED22ABF /* Pods-sampleTests.release.xcconfig */ = {isa = PBXFileReference; includeInIndex = 1; lastKnownFileType = text.xcconfig; name = "Pods-sampleTests.release.xcconfig"; path = "Target Support Files/Pods-sampleTests/Pods-sampleTests.release.xcconfig"; sourceTree = "<group>"; };
		D12838366B47B1A6F1BD473C /* Pods-sample.release.xcconfig */ = {isa = PBXFileReference; includeInIndex = 1; lastKnownFileType = text.xcconfig; name = "Pods-sample.release.xcconfig"; path = "Target Support Files/Pods-sample/Pods-sample.release.xcconfig"; sourceTree = "<group>"; };
		DAADE7D8AB1CB76C46A42D11 /* Pods-sample-sampleUITests.release.xcconfig */ = {isa = PBXFileReference; includeInIndex = 1; lastKnownFileType = text.xcconfig; name = "Pods-sample-sampleUITests.release.xcconfig"; path = "Target Support Files/Pods-sample-sampleUITests/Pods-sample-sampleUITests.release.xcconfig"; sourceTree = "<group>"; };
/* End PBXFileReference section */

/* Begin PBXFrameworksBuildPhase section */
		302EEA67271FE83A0056D62E /* Frameworks */ = {
			isa = PBXFrameworksBuildPhase;
			buildActionMask = 2147483647;
			files = (
				FFA07F82C8AC9AC2734923E2 /* Pods_sample.framework in Frameworks */,
			);
			runOnlyForDeploymentPostprocessing = 0;
		};
		302EEA7D271FE8490056D62E /* Frameworks */ = {
			isa = PBXFrameworksBuildPhase;
			buildActionMask = 2147483647;
			files = (
				0B30B9628CD8ED3FA240AA80 /* Pods_sampleTests.framework in Frameworks */,
			);
			runOnlyForDeploymentPostprocessing = 0;
		};
		302EEA88271FE8490056D62E /* Frameworks */ = {
			isa = PBXFrameworksBuildPhase;
			buildActionMask = 2147483647;
			files = (
				E4305E2792A857CE29261685 /* Pods_sample_sampleUITests.framework in Frameworks */,
			);
			runOnlyForDeploymentPostprocessing = 0;
		};
/* End PBXFrameworksBuildPhase section */

/* Begin PBXGroup section */
		302EEA61271FE8390056D62E = {
			isa = PBXGroup;
			children = (
				302EEA6C271FE83A0056D62E /* sample */,
				302EEA83271FE8490056D62E /* sampleTests */,
				302EEA8E271FE8490056D62E /* sampleUITests */,
				302EEA6B271FE83A0056D62E /* Products */,
				D67EAD628BBB7DC526C28663 /* Pods */,
				ABC278CD4041F544BC894EC9 /* Frameworks */,
			);
			sourceTree = "<group>";
		};
		302EEA6B271FE83A0056D62E /* Products */ = {
			isa = PBXGroup;
			children = (
				302EEA6A271FE83A0056D62E /* sample.app */,
				302EEA80271FE8490056D62E /* sampleTests.xctest */,
				302EEA8B271FE8490056D62E /* sampleUITests.xctest */,
			);
			name = Products;
			sourceTree = "<group>";
		};
		302EEA6C271FE83A0056D62E /* sample */ = {
			isa = PBXGroup;
			children = (
				302EEAA3272001C80056D62E /* GoogleService-Info.plist */,
				302EEA6D271FE83A0056D62E /* AppDelegate.swift */,
				302EEA6F271FE83A0056D62E /* SceneDelegate.swift */,
				302EEA71271FE83A0056D62E /* ViewController.swift */,
				302EEA73271FE83A0056D62E /* Main.storyboard */,
				302EEA76271FE8490056D62E /* Assets.xcassets */,
				302EEA78271FE8490056D62E /* LaunchScreen.storyboard */,
				302EEA7B271FE8490056D62E /* Info.plist */,
				300C994927200C380078D1CD /* HomeVC.swift */,
			);
			path = sample;
			sourceTree = "<group>";
		};
		302EEA83271FE8490056D62E /* sampleTests */ = {
			isa = PBXGroup;
			children = (
				302EEA84271FE8490056D62E /* sampleTests.swift */,
				302EEA86271FE8490056D62E /* Info.plist */,
			);
			path = sampleTests;
			sourceTree = "<group>";
		};
		302EEA8E271FE8490056D62E /* sampleUITests */ = {
			isa = PBXGroup;
			children = (
				302EEA8F271FE8490056D62E /* sampleUITests.swift */,
				302EEA91271FE8490056D62E /* Info.plist */,
			);
			path = sampleUITests;
			sourceTree = "<group>";
		};
		ABC278CD4041F544BC894EC9 /* Frameworks */ = {
			isa = PBXGroup;
			children = (
				023D3B3EAF03738CE47D3539 /* Pods_sample.framework */,
				8C3BC54D5474EC1EB7CEE945 /* Pods_sample_sampleUITests.framework */,
				6121C7042EC83D9FAD09DEF3 /* Pods_sampleTests.framework */,
			);
			name = Frameworks;
			sourceTree = "<group>";
		};
		D67EAD628BBB7DC526C28663 /* Pods */ = {
			isa = PBXGroup;
			children = (
				7D113C5C83C2786028565A70 /* Pods-sample.debug.xcconfig */,
				D12838366B47B1A6F1BD473C /* Pods-sample.release.xcconfig */,
				0301473844141841DFC25AA9 /* Pods-sample-sampleUITests.debug.xcconfig */,
				DAADE7D8AB1CB76C46A42D11 /* Pods-sample-sampleUITests.release.xcconfig */,
				65BD44AE5B6903E7EB55B296 /* Pods-sampleTests.debug.xcconfig */,
				AA1AFF36743AC0433ED22ABF /* Pods-sampleTests.release.xcconfig */,
			);
			path = Pods;
			sourceTree = "<group>";
		};
/* End PBXGroup section */

/* Begin PBXNativeTarget section */
		302EEA69271FE83A0056D62E /* sample */ = {
			isa = PBXNativeTarget;
			buildConfigurationList = 302EEA94271FE8490056D62E /* Build configuration list for PBXNativeTarget "sample" */;
			buildPhases = (
				B32B18F909305445248CA9EA /* [CP] Check Pods Manifest.lock */,
				302EEA66271FE83A0056D62E /* Sources */,
				302EEA67271FE83A0056D62E /* Frameworks */,
				302EEA68271FE83A0056D62E /* Resources */,
				31282055B8CB1734A184D855 /* [CP] Embed Pods Frameworks */,
			);
			buildRules = (
			);
			dependencies = (
			);
			name = sample;
			productName = sample;
			productReference = 302EEA6A271FE83A0056D62E /* sample.app */;
			productType = "com.apple.product-type.application";
		};
		302EEA7F271FE8490056D62E /* sampleTests */ = {
			isa = PBXNativeTarget;
			buildConfigurationList = 302EEA97271FE8490056D62E /* Build configuration list for PBXNativeTarget "sampleTests" */;
			buildPhases = (
				BDDC1154A80FE05F945BCA09 /* [CP] Check Pods Manifest.lock */,
				302EEA7C271FE8490056D62E /* Sources */,
				302EEA7D271FE8490056D62E /* Frameworks */,
				302EEA7E271FE8490056D62E /* Resources */,
			);
			buildRules = (
			);
			dependencies = (
				302EEA82271FE8490056D62E /* PBXTargetDependency */,
			);
			name = sampleTests;
			productName = sampleTests;
			productReference = 302EEA80271FE8490056D62E /* sampleTests.xctest */;
			productType = "com.apple.product-type.bundle.unit-test";
		};
		302EEA8A271FE8490056D62E /* sampleUITests */ = {
			isa = PBXNativeTarget;
			buildConfigurationList = 302EEA9A271FE8490056D62E /* Build configuration list for PBXNativeTarget "sampleUITests" */;
			buildPhases = (
				5A2CE9B4D3223B8FECC70D5C /* [CP] Check Pods Manifest.lock */,
				302EEA87271FE8490056D62E /* Sources */,
				302EEA88271FE8490056D62E /* Frameworks */,
				302EEA89271FE8490056D62E /* Resources */,
				5E59D872502EEC1253E7F80D /* [CP] Embed Pods Frameworks */,
			);
			buildRules = (
			);
			dependencies = (
				302EEA8D271FE8490056D62E /* PBXTargetDependency */,
			);
			name = sampleUITests;
			productName = sampleUITests;
			productReference = 302EEA8B271FE8490056D62E /* sampleUITests.xctest */;
			productType = "com.apple.product-type.bundle.ui-testing";
		};
/* End PBXNativeTarget section */

/* Begin PBXProject section */
		302EEA62271FE8390056D62E /* Project object */ = {
			isa = PBXProject;
			attributes = {
				LastSwiftUpdateCheck = 1240;
				LastUpgradeCheck = 1240;
				TargetAttributes = {
					302EEA69271FE83A0056D62E = {
						CreatedOnToolsVersion = 12.4;
					};
					302EEA7F271FE8490056D62E = {
						CreatedOnToolsVersion = 12.4;
						TestTargetID = 302EEA69271FE83A0056D62E;
					};
					302EEA8A271FE8490056D62E = {
						CreatedOnToolsVersion = 12.4;
						TestTargetID = 302EEA69271FE83A0056D62E;
					};
				};
			};
			buildConfigurationList = 302EEA65271FE83A0056D62E /* Build configuration list for PBXProject "sample" */;
			compatibilityVersion = "Xcode 9.3";
			developmentRegion = en;
			hasScannedForEncodings = 0;
			knownRegions = (
				en,
				Base,
			);
			mainGroup = 302EEA61271FE8390056D62E;
			productRefGroup = 302EEA6B271FE83A0056D62E /* Products */;
			projectDirPath = "";
			projectRoot = "";
			targets = (
				302EEA69271FE83A0056D62E /* sample */,
				302EEA7F271FE8490056D62E /* sampleTests */,
				302EEA8A271FE8490056D62E /* sampleUITests */,
			);
		};
/* End PBXProject section */

/* Begin PBXResourcesBuildPhase section */
		302EEA68271FE83A0056D62E /* Resources */ = {
			isa = PBXResourcesBuildPhase;
			buildActionMask = 2147483647;
			files = (
				302EEA7A271FE8490056D62E /* LaunchScreen.storyboard in Resources */,
				302EEA77271FE8490056D62E /* Assets.xcassets in Resources */,
				302EEA75271FE83A0056D62E /* Main.storyboard in Resources */,
				302EEAA4272001C80056D62E /* GoogleService-Info.plist in Resources */,
			);
			runOnlyForDeploymentPostprocessing = 0;
		};
		302EEA7E271FE8490056D62E /* Resources */ = {
			isa = PBXResourcesBuildPhase;
			buildActionMask = 2147483647;
			files = (
			);
			runOnlyForDeploymentPostprocessing = 0;
		};
		302EEA89271FE8490056D62E /* Resources */ = {
			isa = PBXResourcesBuildPhase;
			buildActionMask = 2147483647;
			files = (
			);
			runOnlyForDeploymentPostprocessing = 0;
		};
/* End PBXResourcesBuildPhase section */

/* Begin PBXShellScriptBuildPhase section */
		31282055B8CB1734A184D855 /* [CP] Embed Pods Frameworks */ = {
			isa = PBXShellScriptBuildPhase;
			buildActionMask = 2147483647;
			files = (
			);
			inputFileListPaths = (
				"${PODS_ROOT}/Target Support Files/Pods-sample/Pods-sample-frameworks-${CONFIGURATION}-input-files.xcfilelist",
			);
			name = "[CP] Embed Pods Frameworks";
			outputFileListPaths = (
				"${PODS_ROOT}/Target Support Files/Pods-sample/Pods-sample-frameworks-${CONFIGURATION}-output-files.xcfilelist",
			);
			runOnlyForDeploymentPostprocessing = 0;
			shellPath = /bin/sh;
			shellScript = "\"${PODS_ROOT}/Target Support Files/Pods-sample/Pods-sample-frameworks.sh\"\n";
			showEnvVarsInLog = 0;
		};
		5A2CE9B4D3223B8FECC70D5C /* [CP] Check Pods Manifest.lock */ = {
			isa = PBXShellScriptBuildPhase;
			buildActionMask = 2147483647;
			files = (
			);
			inputFileListPaths = (
			);
			inputPaths = (
				"${PODS_PODFILE_DIR_PATH}/Podfile.lock",
				"${PODS_ROOT}/Manifest.lock",
			);
			name = "[CP] Check Pods Manifest.lock";
			outputFileListPaths = (
			);
			outputPaths = (
				"$(DERIVED_FILE_DIR)/Pods-sample-sampleUITests-checkManifestLockResult.txt",
			);
			runOnlyForDeploymentPostprocessing = 0;
			shellPath = /bin/sh;
			shellScript = "diff \"${PODS_PODFILE_DIR_PATH}/Podfile.lock\" \"${PODS_ROOT}/Manifest.lock\" > /dev/null\nif [ $? != 0 ] ; then\n    # print error to STDERR\n    echo \"error: The sandbox is not in sync with the Podfile.lock. Run 'pod install' or update your CocoaPods installation.\" >&2\n    exit 1\nfi\n# This output is used by Xcode 'outputs' to avoid re-running this script phase.\necho \"SUCCESS\" > \"${SCRIPT_OUTPUT_FILE_0}\"\n";
			showEnvVarsInLog = 0;
		};
		5E59D872502EEC1253E7F80D /* [CP] Embed Pods Frameworks */ = {
			isa = PBXShellScriptBuildPhase;
			buildActionMask = 2147483647;
			files = (
			);
			inputFileListPaths = (
				"${PODS_ROOT}/Target Support Files/Pods-sample-sampleUITests/Pods-sample-sampleUITests-frameworks-${CONFIGURATION}-input-files.xcfilelist",
			);
			name = "[CP] Embed Pods Frameworks";
			outputFileListPaths = (
				"${PODS_ROOT}/Target Support Files/Pods-sample-sampleUITests/Pods-sample-sampleUITests-frameworks-${CONFIGURATION}-output-files.xcfilelist",
			);
			runOnlyForDeploymentPostprocessing = 0;
			shellPath = /bin/sh;
			shellScript = "\"${PODS_ROOT}/Target Support Files/Pods-sample-sampleUITests/Pods-sample-sampleUITests-frameworks.sh\"\n";
			showEnvVarsInLog = 0;
		};
		B32B18F909305445248CA9EA /* [CP] Check Pods Manifest.lock */ = {
			isa = PBXShellScriptBuildPhase;
			buildActionMask = 2147483647;
			files = (
			);
			inputFileListPaths = (
			);
			inputPaths = (
				"${PODS_PODFILE_DIR_PATH}/Podfile.lock",
				"${PODS_ROOT}/Manifest.lock",
			);
			name = "[CP] Check Pods Manifest.lock";
			outputFileListPaths = (
			);
			outputPaths = (
				"$(DERIVED_FILE_DIR)/Pods-sample-checkManifestLockResult.txt",
			);
			runOnlyForDeploymentPostprocessing = 0;
			shellPath = /bin/sh;
			shellScript = "diff \"${PODS_PODFILE_DIR_PATH}/Podfile.lock\" \"${PODS_ROOT}/Manifest.lock\" > /dev/null\nif [ $? != 0 ] ; then\n    # print error to STDERR\n    echo \"error: The sandbox is not in sync with the Podfile.lock. Run 'pod install' or update your CocoaPods installation.\" >&2\n    exit 1\nfi\n# This output is used by Xcode 'outputs' to avoid re-running this script phase.\necho \"SUCCESS\" > \"${SCRIPT_OUTPUT_FILE_0}\"\n";
			showEnvVarsInLog = 0;
		};
		BDDC1154A80FE05F945BCA09 /* [CP] Check Pods Manifest.lock */ = {
			isa = PBXShellScriptBuildPhase;
			buildActionMask = 2147483647;
			files = (
			);
			inputFileListPaths = (
			);
			inputPaths = (
				"${PODS_PODFILE_DIR_PATH}/Podfile.lock",
				"${PODS_ROOT}/Manifest.lock",
			);
			name = "[CP] Check Pods Manifest.lock";
			outputFileListPaths = (
			);
			outputPaths = (
				"$(DERIVED_FILE_DIR)/Pods-sampleTests-checkManifestLockResult.txt",
			);
			runOnlyForDeploymentPostprocessing = 0;
			shellPath = /bin/sh;
			shellScript = "diff \"${PODS_PODFILE_DIR_PATH}/Podfile.lock\" \"${PODS_ROOT}/Manifest.lock\" > /dev/null\nif [ $? != 0 ] ; then\n    # print error to STDERR\n    echo \"error: The sandbox is not in sync with the Podfile.lock. Run 'pod install' or update your CocoaPods installation.\" >&2\n    exit 1\nfi\n# This output is used by Xcode 'outputs' to avoid re-running this script phase.\necho \"SUCCESS\" > \"${SCRIPT_OUTPUT_FILE_0}\"\n";
			showEnvVarsInLog = 0;
		};
/* End PBXShellScriptBuildPhase section */

/* Begin PBXSourcesBuildPhase section */
		302EEA66271FE83A0056D62E /* Sources */ = {
			isa = PBXSourcesBuildPhase;
			buildActionMask = 2147483647;
			files = (
				302EEA72271FE83A0056D62E /* ViewController.swift in Sources */,
				300C994A27200C380078D1CD /* HomeVC.swift in Sources */,
				302EEA6E271FE83A0056D62E /* AppDelegate.swift in Sources */,
				302EEA70271FE83A0056D62E /* SceneDelegate.swift in Sources */,
			);
			runOnlyForDeploymentPostprocessing = 0;
		};
		302EEA7C271FE8490056D62E /* Sources */ = {
			isa = PBXSourcesBuildPhase;
			buildActionMask = 2147483647;
			files = (
				302EEA85271FE8490056D62E /* sampleTests.swift in Sources */,
			);
			runOnlyForDeploymentPostprocessing = 0;
		};
		302EEA87271FE8490056D62E /* Sources */ = {
			isa = PBXSourcesBuildPhase;
			buildActionMask = 2147483647;
			files = (
				302EEA90271FE8490056D62E /* sampleUITests.swift in Sources */,
			);
			runOnlyForDeploymentPostprocessing = 0;
		};
/* End PBXSourcesBuildPhase section */

/* Begin PBXTargetDependency section */
		302EEA82271FE8490056D62E /* PBXTargetDependency */ = {
			isa = PBXTargetDependency;
			target = 302EEA69271FE83A0056D62E /* sample */;
			targetProxy = 302EEA81271FE8490056D62E /* PBXContainerItemProxy */;
		};
		302EEA8D271FE8490056D62E /* PBXTargetDependency */ = {
			isa = PBXTargetDependency;
			target = 302EEA69271FE83A0056D62E /* sample */;
			targetProxy = 302EEA8C271FE8490056D62E /* PBXContainerItemProxy */;
		};
/* End PBXTargetDependency section */

/* Begin PBXVariantGroup section */
		302EEA73271FE83A0056D62E /* Main.storyboard */ = {
			isa = PBXVariantGroup;
			children = (
				302EEA74271FE83A0056D62E /* Base */,
			);
			name = Main.storyboard;
			sourceTree = "<group>";
		};
		302EEA78271FE8490056D62E /* LaunchScreen.storyboard */ = {
			isa = PBXVariantGroup;
			children = (
				302EEA79271FE8490056D62E /* Base */,
			);
			name = LaunchScreen.storyboard;
			sourceTree = "<group>";
		};
/* End PBXVariantGroup section */

/* Begin XCBuildConfiguration section */
		302EEA92271FE8490056D62E /* Debug */ = {
			isa = XCBuildConfiguration;
			buildSettings = {
				ALWAYS_SEARCH_USER_PATHS = NO;
				CLANG_ANALYZER_NONNULL = YES;
				CLANG_ANALYZER_NUMBER_OBJECT_CONVERSION = YES_AGGRESSIVE;
				CLANG_CXX_LANGUAGE_STANDARD = "gnu++14";
				CLANG_CXX_LIBRARY = "libc++";
				CLANG_ENABLE_MODULES = YES;
				CLANG_ENABLE_OBJC_ARC = YES;
				CLANG_ENABLE_OBJC_WEAK = YES;
				CLANG_WARN_BLOCK_CAPTURE_AUTORELEASING = YES;
				CLANG_WARN_BOOL_CONVERSION = YES;
				CLANG_WARN_COMMA = YES;
				CLANG_WARN_CONSTANT_CONVERSION = YES;
				CLANG_WARN_DEPRECATED_OBJC_IMPLEMENTATIONS = YES;
				CLANG_WARN_DIRECT_OBJC_ISA_USAGE = YES_ERROR;
				CLANG_WARN_DOCUMENTATION_COMMENTS = YES;
				CLANG_WARN_EMPTY_BODY = YES;
				CLANG_WARN_ENUM_CONVERSION = YES;
				CLANG_WARN_INFINITE_RECURSION = YES;
				CLANG_WARN_INT_CONVERSION = YES;
				CLANG_WARN_NON_LITERAL_NULL_CONVERSION = YES;
				CLANG_WARN_OBJC_IMPLICIT_RETAIN_SELF = YES;
				CLANG_WARN_OBJC_LITERAL_CONVERSION = YES;
				CLANG_WARN_OBJC_ROOT_CLASS = YES_ERROR;
				CLANG_WARN_QUOTED_INCLUDE_IN_FRAMEWORK_HEADER = YES;
				CLANG_WARN_RANGE_LOOP_ANALYSIS = YES;
				CLANG_WARN_STRICT_PROTOTYPES = YES;
				CLANG_WARN_SUSPICIOUS_MOVE = YES;
				CLANG_WARN_UNGUARDED_AVAILABILITY = YES_AGGRESSIVE;
				CLANG_WARN_UNREACHABLE_CODE = YES;
				CLANG_WARN__DUPLICATE_METHOD_MATCH = YES;
				COPY_PHASE_STRIP = NO;
				DEBUG_INFORMATION_FORMAT = dwarf;
				ENABLE_STRICT_OBJC_MSGSEND = YES;
				ENABLE_TESTABILITY = YES;
				GCC_C_LANGUAGE_STANDARD = gnu11;
				GCC_DYNAMIC_NO_PIC = NO;
				GCC_NO_COMMON_BLOCKS = YES;
				GCC_OPTIMIZATION_LEVEL = 0;
				GCC_PREPROCESSOR_DEFINITIONS = (
					"DEBUG=1",
					"$(inherited)",
				);
				GCC_WARN_64_TO_32_BIT_CONVERSION = YES;
				GCC_WARN_ABOUT_RETURN_TYPE = YES_ERROR;
				GCC_WARN_UNDECLARED_SELECTOR = YES;
				GCC_WARN_UNINITIALIZED_AUTOS = YES_AGGRESSIVE;
				GCC_WARN_UNUSED_FUNCTION = YES;
				GCC_WARN_UNUSED_VARIABLE = YES;
				IPHONEOS_DEPLOYMENT_TARGET = 14.4;
				MTL_ENABLE_DEBUG_INFO = INCLUDE_SOURCE;
				MTL_FAST_MATH = YES;
				ONLY_ACTIVE_ARCH = YES;
				SDKROOT = iphoneos;
				SWIFT_ACTIVE_COMPILATION_CONDITIONS = DEBUG;
				SWIFT_OPTIMIZATION_LEVEL = "-Onone";
			};
			name = Debug;
		};
		302EEA93271FE8490056D62E /* Release */ = {
			isa = XCBuildConfiguration;
			buildSettings = {
				ALWAYS_SEARCH_USER_PATHS = NO;
				CLANG_ANALYZER_NONNULL = YES;
				CLANG_ANALYZER_NUMBER_OBJECT_CONVERSION = YES_AGGRESSIVE;
				CLANG_CXX_LANGUAGE_STANDARD = "gnu++14";
				CLANG_CXX_LIBRARY = "libc++";
				CLANG_ENABLE_MODULES = YES;
				CLANG_ENABLE_OBJC_ARC = YES;
				CLANG_ENABLE_OBJC_WEAK = YES;
				CLANG_WARN_BLOCK_CAPTURE_AUTORELEASING = YES;
				CLANG_WARN_BOOL_CONVERSION = YES;
				CLANG_WARN_COMMA = YES;
				CLANG_WARN_CONSTANT_CONVERSION = YES;
				CLANG_WARN_DEPRECATED_OBJC_IMPLEMENTATIONS = YES;
				CLANG_WARN_DIRECT_OBJC_ISA_USAGE = YES_ERROR;
				CLANG_WARN_DOCUMENTATION_COMMENTS = YES;
				CLANG_WARN_EMPTY_BODY = YES;
				CLANG_WARN_ENUM_CONVERSION = YES;
				CLANG_WARN_INFINITE_RECURSION = YES;
				CLANG_WARN_INT_CONVERSION = YES;
				CLANG_WARN_NON_LITERAL_NULL_CONVERSION = YES;
				CLANG_WARN_OBJC_IMPLICIT_RETAIN_SELF = YES;
				CLANG_WARN_OBJC_LITERAL_CONVERSION = YES;
				CLANG_WARN_OBJC_ROOT_CLASS = YES_ERROR;
				CLANG_WARN_QUOTED_INCLUDE_IN_FRAMEWORK_HEADER = YES;
				CLANG_WARN_RANGE_LOOP_ANALYSIS = YES;
				CLANG_WARN_STRICT_PROTOTYPES = YES;
				CLANG_WARN_SUSPICIOUS_MOVE = YES;
				CLANG_WARN_UNGUARDED_AVAILABILITY = YES_AGGRESSIVE;
				CLANG_WARN_UNREACHABLE_CODE = YES;
				CLANG_WARN__DUPLICATE_METHOD_MATCH = YES;
				COPY_PHASE_STRIP = NO;
				DEBUG_INFORMATION_FORMAT = "dwarf-with-dsym";
				ENABLE_NS_ASSERTIONS = NO;
				ENABLE_STRICT_OBJC_MSGSEND = YES;
				GCC_C_LANGUAGE_STANDARD = gnu11;
				GCC_NO_COMMON_BLOCKS = YES;
				GCC_WARN_64_TO_32_BIT_CONVERSION = YES;
				GCC_WARN_ABOUT_RETURN_TYPE = YES_ERROR;
				GCC_WARN_UNDECLARED_SELECTOR = YES;
				GCC_WARN_UNINITIALIZED_AUTOS = YES_AGGRESSIVE;
				GCC_WARN_UNUSED_FUNCTION = YES;
				GCC_WARN_UNUSED_VARIABLE = YES;
				IPHONEOS_DEPLOYMENT_TARGET = 14.4;
				MTL_ENABLE_DEBUG_INFO = NO;
				MTL_FAST_MATH = YES;
				SDKROOT = iphoneos;
				SWIFT_COMPILATION_MODE = wholemodule;
				SWIFT_OPTIMIZATION_LEVEL = "-O";
				VALIDATE_PRODUCT = YES;
			};
			name = Release;
		};
		302EEA95271FE8490056D62E /* Debug */ = {
			isa = XCBuildConfiguration;
			baseConfigurationReference = 7D113C5C83C2786028565A70 /* Pods-sample.debug.xcconfig */;
			buildSettings = {
				ASSETCATALOG_COMPILER_APPICON_NAME = AppIcon;
				ASSETCATALOG_COMPILER_GLOBAL_ACCENT_COLOR_NAME = AccentColor;
				CODE_SIGN_STYLE = Automatic;
				DEVELOPMENT_TEAM = GLJYMA4HKB;
				INFOPLIST_FILE = sample/Info.plist;
				LD_RUNPATH_SEARCH_PATHS = (
					"$(inherited)",
					"@executable_path/Frameworks",
				);
				PRODUCT_BUNDLE_IDENTIFIER = com.iOS.sample;
				PRODUCT_NAME = "$(TARGET_NAME)";
				SWIFT_VERSION = 5.0;
				TARGETED_DEVICE_FAMILY = "1,2";
			};
			name = Debug;
		};
		302EEA96271FE8490056D62E /* Release */ = {
			isa = XCBuildConfiguration;
			baseConfigurationReference = D12838366B47B1A6F1BD473C /* Pods-sample.release.xcconfig */;
			buildSettings = {
				ASSETCATALOG_COMPILER_APPICON_NAME = AppIcon;
				ASSETCATALOG_COMPILER_GLOBAL_ACCENT_COLOR_NAME = AccentColor;
				CODE_SIGN_STYLE = Automatic;
				DEVELOPMENT_TEAM = GLJYMA4HKB;
				INFOPLIST_FILE = sample/Info.plist;
				LD_RUNPATH_SEARCH_PATHS = (
					"$(inherited)",
					"@executable_path/Frameworks",
				);
				PRODUCT_BUNDLE_IDENTIFIER = com.iOS.sample;
				PRODUCT_NAME = "$(TARGET_NAME)";
				SWIFT_VERSION = 5.0;
				TARGETED_DEVICE_FAMILY = "1,2";
			};
			name = Release;
		};
		302EEA98271FE8490056D62E /* Debug */ = {
			isa = XCBuildConfiguration;
			baseConfigurationReference = 65BD44AE5B6903E7EB55B296 /* Pods-sampleTests.debug.xcconfig */;
			buildSettings = {
				ALWAYS_EMBED_SWIFT_STANDARD_LIBRARIES = YES;
				BUNDLE_LOADER = "$(TEST_HOST)";
				CODE_SIGN_STYLE = Automatic;
				DEVELOPMENT_TEAM = GLJYMA4HKB;
				INFOPLIST_FILE = sampleTests/Info.plist;
				IPHONEOS_DEPLOYMENT_TARGET = 14.4;
				LD_RUNPATH_SEARCH_PATHS = (
					"$(inherited)",
					"@executable_path/Frameworks",
					"@loader_path/Frameworks",
				);
				PRODUCT_BUNDLE_IDENTIFIER = com.iOS.sampleTests;
				PRODUCT_NAME = "$(TARGET_NAME)";
				SWIFT_VERSION = 5.0;
				TARGETED_DEVICE_FAMILY = "1,2";
				TEST_HOST = "$(BUILT_PRODUCTS_DIR)/sample.app/sample";
			};
			name = Debug;
		};
		302EEA99271FE8490056D62E /* Release */ = {
			isa = XCBuildConfiguration;
			baseConfigurationReference = AA1AFF36743AC0433ED22ABF /* Pods-sampleTests.release.xcconfig */;
			buildSettings = {
				ALWAYS_EMBED_SWIFT_STANDARD_LIBRARIES = YES;
				BUNDLE_LOADER = "$(TEST_HOST)";
				CODE_SIGN_STYLE = Automatic;
				DEVELOPMENT_TEAM = GLJYMA4HKB;
				INFOPLIST_FILE = sampleTests/Info.plist;
				IPHONEOS_DEPLOYMENT_TARGET = 14.4;
				LD_RUNPATH_SEARCH_PATHS = (
					"$(inherited)",
					"@executable_path/Frameworks",
					"@loader_path/Frameworks",
				);
				PRODUCT_BUNDLE_IDENTIFIER = com.iOS.sampleTests;
				PRODUCT_NAME = "$(TARGET_NAME)";
				SWIFT_VERSION = 5.0;
				TARGETED_DEVICE_FAMILY = "1,2";
				TEST_HOST = "$(BUILT_PRODUCTS_DIR)/sample.app/sample";
			};
			name = Release;
		};
		302EEA9B271FE8490056D62E /* Debug */ = {
			isa = XCBuildConfiguration;
			baseConfigurationReference = 0301473844141841DFC25AA9 /* Pods-sample-sampleUITests.debug.xcconfig */;
			buildSettings = {
				ALWAYS_EMBED_SWIFT_STANDARD_LIBRARIES = YES;
				CODE_SIGN_STYLE = Automatic;
				DEVELOPMENT_TEAM = GLJYMA4HKB;
				INFOPLIST_FILE = sampleUITests/Info.plist;
				LD_RUNPATH_SEARCH_PATHS = (
					"$(inherited)",
					"@executable_path/Frameworks",
					"@loader_path/Frameworks",
				);
				PRODUCT_BUNDLE_IDENTIFIER = com.iOS.sampleUITests;
				PRODUCT_NAME = "$(TARGET_NAME)";
				SWIFT_VERSION = 5.0;
				TARGETED_DEVICE_FAMILY = "1,2";
				TEST_TARGET_NAME = sample;
			};
			name = Debug;
		};
		302EEA9C271FE8490056D62E /* Release */ = {
			isa = XCBuildConfiguration;
			baseConfigurationReference = DAADE7D8AB1CB76C46A42D11 /* Pods-sample-sampleUITests.release.xcconfig */;
			buildSettings = {
				ALWAYS_EMBED_SWIFT_STANDARD_LIBRARIES = YES;
				CODE_SIGN_STYLE = Automatic;
				DEVELOPMENT_TEAM = GLJYMA4HKB;
				INFOPLIST_FILE = sampleUITests/Info.plist;
				LD_RUNPATH_SEARCH_PATHS = (
					"$(inherited)",
					"@executable_path/Frameworks",
					"@loader_path/Frameworks",
				);
				PRODUCT_BUNDLE_IDENTIFIER = com.iOS.sampleUITests;
				PRODUCT_NAME = "$(TARGET_NAME)";
				SWIFT_VERSION = 5.0;
				TARGETED_DEVICE_FAMILY = "1,2";
				TEST_TARGET_NAME = sample;
			};
			name = Release;
		};
/* End XCBuildConfiguration section */

/* Begin XCConfigurationList section */
		302EEA65271FE83A0056D62E /* Build configuration list for PBXProject "sample" */ = {
			isa = XCConfigurationList;
			buildConfigurations = (
				302EEA92271FE8490056D62E /* Debug */,
				302EEA93271FE8490056D62E /* Release */,
			);
			defaultConfigurationIsVisible = 0;
			defaultConfigurationName = Release;
		};
		302EEA94271FE8490056D62E /* Build configuration list for PBXNativeTarget "sample" */ = {
			isa = XCConfigurationList;
			buildConfigurations = (
				302EEA95271FE8490056D62E /* Debug */,
				302EEA96271FE8490056D62E /* Release */,
			);
			defaultConfigurationIsVisible = 0;
			defaultConfigurationName = Release;
		};
		302EEA97271FE8490056D62E /* Build configuration list for PBXNativeTarget "sampleTests" */ = {
			isa = XCConfigurationList;
			buildConfigurations = (
				302EEA98271FE8490056D62E /* Debug */,
				302EEA99271FE8490056D62E /* Release */,
			);
			defaultConfigurationIsVisible = 0;
			defaultConfigurationName = Release;
		};
		302EEA9A271FE8490056D62E /* Build configuration list for PBXNativeTarget "sampleUITests" */ = {
			isa = XCConfigurationList;
			buildConfigurations = (
				302EEA9B271FE8490056D62E /* Debug */,
				302EEA9C271FE8490056D62E /* Release */,
			);
			defaultConfigurationIsVisible = 0;
			defaultConfigurationName = Release;
		};
/* End XCConfigurationList section */
	};
	rootObject = 302EEA62271FE8390056D62E /* Project object */;
}
